
Microsoft Visual Studio Solution File, Format Version 12.00
# Visual Studio Version 17
VisualStudioVersion = 17.9.34622.214
MinimumVisualStudioVersion = 10.0.40219.1
Project("{FAE04EC0-301F-11D3-BF4B-00C04F79EFBC}") = "QuanLyQuanCafe", "WindowsFormsApp1\QuanLyQuanCafe.csproj", "{199C2FC7-5501-4383-A89A-0C108F961F8F}"
EndProject
Global
	GlobalSection(SolutionConfigurationPlatforms) = preSolution
		Debug|Any CPU = Debug|Any CPU
		Release|Any CPU = Release|Any CPU
	EndGlobalSection
	GlobalSection(ProjectConfigurationPlatforms) = postSolution
		{199C2FC7-5501-4383-A89A-0C108F961F8F}.Debug|Any CPU.ActiveCfg = Debug|Any CPU
		{199C2FC7-5501-4383-A89A-0C108F961F8F}.Debug|Any CPU.Build.0 = Debug|Any CPU
		{199C2FC7-5501-4383-A89A-0C108F961F8F}.Release|Any CPU.ActiveCfg = Release|Any CPU
		{199C2FC7-5501-4383-A89A-0C108F961F8F}.Release|Any CPU.Build.0 = Release|Any CPU
	EndGlobalSection
	GlobalSection(SolutionProperties) = preSolution
		HideSolutionNode = FALSE
	EndGlobalSection
	GlobalSection(ExtensibilityGlobals) = postSolution
		SolutionGuid = {4E7460F3-AC1A-42F5-9969-0A60634BA9A5}
	EndGlobalSection
EndGlobal
